
Microsoft Visual Studio Solution File, Format Version 12.00
# Visual Studio Version 16
VisualStudioVersion = 16.0.31702.278
MinimumVisualStudioVersion = 10.0.40219.1
Project("{9A19103F-16F7-4668-BE54-9A1E7A4F7556}") = "Website", "src\Website\Website.csproj", "{1EE11728-EB11-40B7-B3DB-5FA62E7AE262}"
EndProject
Project("{FAE04EC0-301F-11D3-BF4B-00C04F79EFBC}") = "Relewise.Umbraco9", "src\Relewise.Umbraco9\Relewise.Umbraco9.csproj", "{7E0BBAB0-4D4E-403A-B361-4ED687F69287}"
EndProject
Global
	GlobalSection(SolutionConfigurationPlatforms) = preSolution
		Debug|Any CPU = Debug|Any CPU
		Release|Any CPU = Release|Any CPU
	EndGlobalSection
	GlobalSection(ProjectConfigurationPlatforms) = postSolution
		{1EE11728-EB11-40B7-B3DB-5FA62E7AE262}.Debug|Any CPU.ActiveCfg = Debug|Any CPU
		{1EE11728-EB11-40B7-B3DB-5FA62E7AE262}.Debug|Any CPU.Build.0 = Debug|Any CPU
		{1EE11728-EB11-40B7-B3DB-5FA62E7AE262}.Release|Any CPU.ActiveCfg = Release|Any CPU
		{1EE11728-EB11-40B7-B3DB-5FA62E7AE262}.Release|Any CPU.Build.0 = Release|Any CPU
		{7E0BBAB0-4D4E-403A-B361-4ED687F69287}.Debug|Any CPU.ActiveCfg = Debug|Any CPU
		{7E0BBAB0-4D4E-403A-B361-4ED687F69287}.Debug|Any CPU.Build.0 = Debug|Any CPU
		{7E0BBAB0-4D4E-403A-B361-4ED687F69287}.Release|Any CPU.ActiveCfg = Release|Any CPU
		{7E0BBAB0-4D4E-403A-B361-4ED687F69287}.Release|Any CPU.Build.0 = Release|Any CPU
	EndGlobalSection
	GlobalSection(SolutionProperties) = preSolution
		HideSolutionNode = FALSE
	EndGlobalSection
	GlobalSection(ExtensibilityGlobals) = postSolution
		SolutionGuid = {72AFCFD2-22FA-4548-8D05-07B419FD4704}
	EndGlobalSection
EndGlobal
